
Microsoft Visual Studio Solution File, Format Version 12.00
# Visual Studio Version 17
VisualStudioVersion = 17.4.33122.133
MinimumVisualStudioVersion = 10.0.40219.1
Project("{888888A0-9F3D-457C-B088-3A5042F75D52}") = "DjangoWebProject1", "DjangoWebProject1\DjangoWebProject1.pyproj", "{FE398BE1-4AC5-4894-8535-BA311BB8C466}"
EndProject
Global
	GlobalSection(SolutionConfigurationPlatforms) = preSolution
		Debug|Any CPU = Debug|Any CPU
		Release|Any CPU = Release|Any CPU
	EndGlobalSection
	GlobalSection(ProjectConfigurationPlatforms) = postSolution
		{FE398BE1-4AC5-4894-8535-BA311BB8C466}.Debug|Any CPU.ActiveCfg = Debug|Any CPU
		{FE398BE1-4AC5-4894-8535-BA311BB8C466}.Debug|Any CPU.Build.0 = Debug|Any CPU
		{FE398BE1-4AC5-4894-8535-BA311BB8C466}.Release|Any CPU.ActiveCfg = Release|Any CPU
		{FE398BE1-4AC5-4894-8535-BA311BB8C466}.Release|Any CPU.Build.0 = Release|Any CPU
	EndGlobalSection
	GlobalSection(SolutionProperties) = preSolution
		HideSolutionNode = FALSE
	EndGlobalSection
	GlobalSection(ExtensibilityGlobals) = postSolution
		SolutionGuid = {386EF864-699F-458E-8391-91EE1A093EFD}
	EndGlobalSection
EndGlobal
